
Microsoft Visual Studio Solution File, Format Version 12.00
# Visual Studio Version 17
VisualStudioVersion = 17.0.31903.59
MinimumVisualStudioVersion = 10.0.40219.1
Project("{FAE04EC0-301F-11D3-BF4B-00C04F79EFBC}") = "Filer.Api", "Filer.api\Filer.Api.csproj", "{23F4E7D3-1CF9-4661-8F1D-161BBEE5FAD9}"
EndProject
Project("{FAE04EC0-301F-11D3-BF4B-00C04F79EFBC}") = "Filer.DataAccess", "Filer.DataAccess\Filer.DataAccess.csproj", "{B32B69BF-C279-4089-8F61-1E435C273C64}"
EndProject
Project("{FAE04EC0-301F-11D3-BF4B-00C04F79EFBC}") = "Filer.Domain", "Filer.Domain\Filer.Domain.csproj", "{0CD58E6D-6B5A-4441-A082-F2CAD397240D}"
EndProject
Project("{FAE04EC0-301F-11D3-BF4B-00C04F79EFBC}") = "Filer.Application", "Filer.Application\Filer.Application.csproj", "{E77C0CC9-11E0-43F5-80EC-5A9C662A3C26}"
EndProject
Global
	GlobalSection(SolutionConfigurationPlatforms) = preSolution
		Debug|Any CPU = Debug|Any CPU
		Release|Any CPU = Release|Any CPU
	EndGlobalSection
	GlobalSection(SolutionProperties) = preSolution
		HideSolutionNode = FALSE
	EndGlobalSection
	GlobalSection(ProjectConfigurationPlatforms) = postSolution
		{23F4E7D3-1CF9-4661-8F1D-161BBEE5FAD9}.Debug|Any CPU.ActiveCfg = Debug|Any CPU
		{23F4E7D3-1CF9-4661-8F1D-161BBEE5FAD9}.Debug|Any CPU.Build.0 = Debug|Any CPU
		{23F4E7D3-1CF9-4661-8F1D-161BBEE5FAD9}.Release|Any CPU.ActiveCfg = Release|Any CPU
		{23F4E7D3-1CF9-4661-8F1D-161BBEE5FAD9}.Release|Any CPU.Build.0 = Release|Any CPU
		{B32B69BF-C279-4089-8F61-1E435C273C64}.Debug|Any CPU.ActiveCfg = Debug|Any CPU
		{B32B69BF-C279-4089-8F61-1E435C273C64}.Debug|Any CPU.Build.0 = Debug|Any CPU
		{B32B69BF-C279-4089-8F61-1E435C273C64}.Release|Any CPU.ActiveCfg = Release|Any CPU
		{B32B69BF-C279-4089-8F61-1E435C273C64}.Release|Any CPU.Build.0 = Release|Any CPU
		{0CD58E6D-6B5A-4441-A082-F2CAD397240D}.Debug|Any CPU.ActiveCfg = Debug|Any CPU
		{0CD58E6D-6B5A-4441-A082-F2CAD397240D}.Debug|Any CPU.Build.0 = Debug|Any CPU
		{0CD58E6D-6B5A-4441-A082-F2CAD397240D}.Release|Any CPU.ActiveCfg = Release|Any CPU
		{0CD58E6D-6B5A-4441-A082-F2CAD397240D}.Release|Any CPU.Build.0 = Release|Any CPU
		{E77C0CC9-11E0-43F5-80EC-5A9C662A3C26}.Debug|Any CPU.ActiveCfg = Debug|Any CPU
		{E77C0CC9-11E0-43F5-80EC-5A9C662A3C26}.Debug|Any CPU.Build.0 = Debug|Any CPU
		{E77C0CC9-11E0-43F5-80EC-5A9C662A3C26}.Release|Any CPU.ActiveCfg = Release|Any CPU
		{E77C0CC9-11E0-43F5-80EC-5A9C662A3C26}.Release|Any CPU.Build.0 = Release|Any CPU
	EndGlobalSection
EndGlobal
